
Microsoft Visual Studio Solution File, Format Version 12.00
# Visual Studio Version 17
VisualStudioVersion = 17.4.33403.182
MinimumVisualStudioVersion = 10.0.40219.1
Project("{FAE04EC0-301F-11D3-BF4B-00C04F79EFBC}") = "Circus", "Circus\Circus.csproj", "{05B3ADED-0A6A-493D-AA33-4D536DA1F543}"
EndProject
Global
	GlobalSection(SolutionConfigurationPlatforms) = preSolution
		Debug|Any CPU = Debug|Any CPU
		Release|Any CPU = Release|Any CPU
	EndGlobalSection
	GlobalSection(ProjectConfigurationPlatforms) = postSolution
		{05B3ADED-0A6A-493D-AA33-4D536DA1F543}.Debug|Any CPU.ActiveCfg = Debug|Any CPU
		{05B3ADED-0A6A-493D-AA33-4D536DA1F543}.Debug|Any CPU.Build.0 = Debug|Any CPU
		{05B3ADED-0A6A-493D-AA33-4D536DA1F543}.Release|Any CPU.ActiveCfg = Release|Any CPU
		{05B3ADED-0A6A-493D-AA33-4D536DA1F543}.Release|Any CPU.Build.0 = Release|Any CPU
	EndGlobalSection
	GlobalSection(SolutionProperties) = preSolution
		HideSolutionNode = FALSE
	EndGlobalSection
	GlobalSection(ExtensibilityGlobals) = postSolution
		SolutionGuid = {D74EFC1E-B5EE-4A2C-AB86-5C4A4C500006}
	EndGlobalSection
EndGlobal
